Microsoft Visual Studio Solution File, Format Version 12.00
# Visual Studio Version 17
VisualStudioVersion = 17.5.2.0
MinimumVisualStudioVersion = 10.0.40219.1
Project("{FAE04EC0-301F-11D3-BF4B-00C04F79EFBC}") = "simple-pag", "simple-pag.csproj", "{0B9EE39B-DB5A-EBCE-B8C2-DCAA99A82CF5}"
EndProject
Global
	GlobalSection(SolutionConfigurationPlatforms) = preSolution
		Debug|Any CPU = Debug|Any CPU
		Release|Any CPU = Release|Any CPU
	EndGlobalSection
	GlobalSection(ProjectConfigurationPlatforms) = postSolution
		{0B9EE39B-DB5A-EBCE-B8C2-DCAA99A82CF5}.Debug|Any CPU.ActiveCfg = Debug|Any CPU
		{0B9EE39B-DB5A-EBCE-B8C2-DCAA99A82CF5}.Debug|Any CPU.Build.0 = Debug|Any CPU
		{0B9EE39B-DB5A-EBCE-B8C2-DCAA99A82CF5}.Release|Any CPU.ActiveCfg = Release|Any CPU
		{0B9EE39B-DB5A-EBCE-B8C2-DCAA99A82CF5}.Release|Any CPU.Build.0 = Release|Any CPU
	EndGlobalSection
	GlobalSection(SolutionProperties) = preSolution
		HideSolutionNode = FALSE
	EndGlobalSection
	GlobalSection(ExtensibilityGlobals) = postSolution
		SolutionGuid = {8741FD5A-37BF-4237-81EF-CEEF6B4031E8}
	EndGlobalSection
EndGlobal
